
Microsoft Visual Studio Solution File, Format Version 12.00
# Visual Studio Version 16
VisualStudioVersion = 16.0.29306.81
MinimumVisualStudioVersion = 10.0.40219.1
Project("{9A19103F-16F7-4668-BE54-9A1E7A4F7556}") = "GameCommon", "GameCommon\GameCommon.csproj", "{F3E5D889-E08E-46BA-A8CD-0AB06AF84B7F}"
EndProject
Project("{FAE04EC0-301F-11D3-BF4B-00C04F79EFBC}") = "TestNetCore", "TestNetCore\TestNetCore.csproj", "{4FF6167B-DC6C-4AFC-AD0E-6432E19EE48B}"
EndProject
Global
	GlobalSection(SolutionConfigurationPlatforms) = preSolution
		Debug|Any CPU = Debug|Any CPU
		Release|Any CPU = Release|Any CPU
	EndGlobalSection
	GlobalSection(ProjectConfigurationPlatforms) = postSolution
		{F3E5D889-E08E-46BA-A8CD-0AB06AF84B7F}.Debug|Any CPU.ActiveCfg = Debug|Any CPU
		{F3E5D889-E08E-46BA-A8CD-0AB06AF84B7F}.Debug|Any CPU.Build.0 = Debug|Any CPU
		{F3E5D889-E08E-46BA-A8CD-0AB06AF84B7F}.Release|Any CPU.ActiveCfg = Release|Any CPU
		{F3E5D889-E08E-46BA-A8CD-0AB06AF84B7F}.Release|Any CPU.Build.0 = Release|Any CPU
		{4FF6167B-DC6C-4AFC-AD0E-6432E19EE48B}.Debug|Any CPU.ActiveCfg = Debug|Any CPU
		{4FF6167B-DC6C-4AFC-AD0E-6432E19EE48B}.Debug|Any CPU.Build.0 = Debug|Any CPU
		{4FF6167B-DC6C-4AFC-AD0E-6432E19EE48B}.Release|Any CPU.ActiveCfg = Release|Any CPU
		{4FF6167B-DC6C-4AFC-AD0E-6432E19EE48B}.Release|Any CPU.Build.0 = Release|Any CPU
	EndGlobalSection
	GlobalSection(SolutionProperties) = preSolution
		HideSolutionNode = FALSE
	EndGlobalSection
	GlobalSection(ExtensibilityGlobals) = postSolution
		SolutionGuid = {122983F9-F61A-4B78-A758-3552421E0277}
	EndGlobalSection
EndGlobal
